// !$*UTF8*$!
{
	archiveVersion = 1;
	classes = {
	};
	objectVersion = 46;
	objects = {

/* Begin PBXBuildFile section */
		B67C7AA21F514EAF00690A23 /* AppDelegate.swift in Sources */ = {isa = PBXBuildFile; fileRef = B67C7AA11F514EAF00690A23 /* AppDelegate.swift */; };
		B67C7AA41F514EAF00690A23 /* ViewController.swift in Sources */ = {isa = PBXBuildFile; fileRef = B67C7AA31F514EAF00690A23 /* ViewController.swift */; };
		B67C7AA71F514EAF00690A23 /* Main.storyboard in Resources */ = {isa = PBXBuildFile; fileRef = B67C7AA51F514EAF00690A23 /* Main.storyboard */; };
		B67C7AA91F514EAF00690A23 /* Assets.xcassets in Resources */ = {isa = PBXBuildFile; fileRef = B67C7AA81F514EAF00690A23 /* Assets.xcassets */; };
		B67C7AAC1F514EAF00690A23 /* LaunchScreen.storyboard in Resources */ = {isa = PBXBuildFile; fileRef = B67C7AAA1F514EAF00690A23 /* LaunchScreen.storyboard */; };
		B67C7AB61F515B5900690A23 /* GoogleService-Info.plist in Resources */ = {isa = PBXBuildFile; fileRef = B67C7AB51F515B5900690A23 /* GoogleService-Info.plist */; };
		CB8EE73E26436D1FA9ABFC0D /* Pods_FBanalytics.framework in Frameworks */ = {isa = PBXBuildFile; fileRef = 8372AA50CD2A1D20EF494E3E /* Pods_FBanalytics.framework */; };
/* End PBXBuildFile section */

/* Begin PBXFileReference section */
		8372AA50CD2A1D20EF494E3E /* Pods_FBanalytics.framework */ = {isa = PBXFileReference; explicitFileType = wrapper.framework; includeInIndex = 0; path = Pods_FBanalytics.framework; sourceTree = BUILT_PRODUCTS_DIR; };
		9295DF3F8457F74FDADF4646 /* Pods-FBanalytics.debug.xcconfig */ = {isa = PBXFileReference; includeInIndex = 1; lastKnownFileType = text.xcconfig; name = "Pods-FBanalytics.debug.xcconfig"; path = "Pods/Target Support Files/Pods-FBanalytics/Pods-FBanalytics.debug.xcconfig"; sourceTree = "<group>"; };
		B67C7A9E1F514EAF00690A23 /* FBanalytics.app */ = {isa = PBXFileReference; explicitFileType = wrapper.application; includeInIndex = 0; path = FBanalytics.app; sourceTree = BUILT_PRODUCTS_DIR; };
		B67C7AA11F514EAF00690A23 /* AppDelegate.swift */ = {isa = PBXFileReference; lastKnownFileType = sourcecode.swift; path = AppDelegate.swift; sourceTree = "<group>"; };
		B67C7AA31F514EAF00690A23 /* ViewController.swift */ = {isa = PBXFileReference; lastKnownFileType = sourcecode.swift; path = ViewController.swift; sourceTree = "<group>"; };
		B67C7AA61F514EAF00690A23 /* Base */ = {isa = PBXFileReference; lastKnownFileType = file.storyboard; name = Base; path = Base.lproj/Main.storyboard; sourceTree = "<group>"; };
		B67C7AA81F514EAF00690A23 /* Assets.xcassets */ = {isa = PBXFileReference; lastKnownFileType = folder.assetcatalog; path = Assets.xcassets; sourceTree = "<group>"; };
		B67C7AAB1F514EAF00690A23 /* Base */ = {isa = PBXFileReference; lastKnownFileType = file.storyboard; name = Base; path = Base.lproj/LaunchScreen.storyboard; sourceTree = "<group>"; };
		B67C7AAD1F514EAF00690A23 /* Info.plist */ = {isa = PBXFileReference; lastKnownFileType = text.plist.xml; path = Info.plist; sourceTree = "<group>"; };
		B67C7AB51F515B5900690A23 /* GoogleService-Info.plist */ = {isa = PBXFileReference; fileEncoding = 4; lastKnownFileType = text.plist.xml; path = "GoogleService-Info.plist"; sourceTree = "<group>"; };
		CD3941B1231BF72FA920D638 /* Pods-FBanalytics.release.xcconfig */ = {isa = PBXFileReference; includeInIndex = 1; lastKnownFileType = text.xcconfig; name = "Pods-FBanalytics.release.xcconfig"; path = "Pods/Target Support Files/Pods-FBanalytics/Pods-FBanalytics.release.xcconfig"; sourceTree = "<group>"; };
/* End PBXFileReference section */

/* Begin PBXFrameworksBuildPhase section */
		B67C7A9B1F514EAF00690A23 /* Frameworks */ = {
			isa = PBXFrameworksBuildPhase;
			buildActionMask = 2147483647;
			files = (
				CB8EE73E26436D1FA9ABFC0D /* Pods_FBanalytics.framework in Frameworks */,
			);
			runOnlyForDeploymentPostprocessing = 0;
		};
/* End PBXFrameworksBuildPhase section */

/* Begin PBXGroup section */
		47EB6756968477C2BF3E9E02 /* Pods */ = {
			isa = PBXGroup;
			children = (
				9295DF3F8457F74FDADF4646 /* Pods-FBanalytics.debug.xcconfig */,
				CD3941B1231BF72FA920D638 /* Pods-FBanalytics.release.xcconfig */,
			);
			name = Pods;
			sourceTree = "<group>";
		};
		B67C7A951F514EAF00690A23 = {
			isa = PBXGroup;
			children = (
				B67C7AA01F514EAF00690A23 /* FBanalytics */,
				B67C7A9F1F514EAF00690A23 /* Products */,
				47EB6756968477C2BF3E9E02 /* Pods */,
				D8C7E848B5AAB359C223410D /* Frameworks */,
			);
			sourceTree = "<group>";
		};
		B67C7A9F1F514EAF00690A23 /* Products */ = {
			isa = PBXGroup;
			children = (
				B67C7A9E1F514EAF00690A23 /* FBanalytics.app */,
			);
			name = Products;
			sourceTree = "<group>";
		};
		B67C7AA01F514EAF00690A23 /* FBanalytics */ = {
			isa = PBXGroup;
			children = (
				B67C7AA11F514EAF00690A23 /* AppDelegate.swift */,
				B67C7AA31F514EAF00690A23 /* ViewController.swift */,
				B67C7AA51F514EAF00690A23 /* Main.storyboard */,
				B67C7AA81F514EAF00690A23 /* Assets.xcassets */,
				B67C7AAA1F514EAF00690A23 /* LaunchScreen.storyboard */,
				B67C7AAD1F514EAF00690A23 /* Info.plist */,
				B67C7AB51F515B5900690A23 /* GoogleService-Info.plist */,
			);
			path = FBanalytics;
			sourceTree = "<group>";
		};
		D8C7E848B5AAB359C223410D /* Frameworks */ = {
			isa = PBXGroup;
			children = (
				8372AA50CD2A1D20EF494E3E /* Pods_FBanalytics.framework */,
			);
			name = Frameworks;
			sourceTree = "<group>";
		};
/* End PBXGroup section */

/* Begin PBXNativeTarget section */
		B67C7A9D1F514EAF00690A23 /* FBanalytics */ = {
			isa = PBXNativeTarget;
			buildConfigurationList = B67C7AB01F514EAF00690A23 /* Build configuration list for PBXNativeTarget "FBanalytics" */;
			buildPhases = (
				4D8E300F37EB4091B70ECB4B /* [CP] Check Pods Manifest.lock */,
				B67C7A9A1F514EAF00690A23 /* Sources */,
				B67C7A9B1F514EAF00690A23 /* Frameworks */,
				B67C7A9C1F514EAF00690A23 /* Resources */,
				DDA9954ABA17EB8DA2F2BB97 /* [CP] Embed Pods Frameworks */,
				DA86C083CB6CC65CBB5612BD /* [CP] Copy Pods Resources */,
			);
			buildRules = (
			);
			dependencies = (
			);
			name = FBanalytics;
			productName = FBanalytics;
			productReference = B67C7A9E1F514EAF00690A23 /* FBanalytics.app */;
			productType = "com.apple.product-type.application";
		};
/* End PBXNativeTarget section */

/* Begin PBXProject section */
		B67C7A961F514EAF00690A23 /* Project object */ = {
			isa = PBXProject;
			attributes = {
				LastSwiftUpdateCheck = 0830;
				LastUpgradeCheck = 0830;
				ORGANIZATIONNAME = Purushotham;
				TargetAttributes = {
					B67C7A9D1F514EAF00690A23 = {
						CreatedOnToolsVersion = 8.3.3;
						DevelopmentTeam = 896WHBM75C;
						ProvisioningStyle = Automatic;
					};
				};
			};
			buildConfigurationList = B67C7A991F514EAF00690A23 /* Build configuration list for PBXProject "FBanalytics" */;
			compatibilityVersion = "Xcode 3.2";
			developmentRegion = English;
			hasScannedForEncodings = 0;
			knownRegions = (
				en,
				Base,
			);
			mainGroup = B67C7A951F514EAF00690A23;
			productRefGroup = B67C7A9F1F514EAF00690A23 /* Products */;
			projectDirPath = "";
			projectRoot = "";
			targets = (
				B67C7A9D1F514EAF00690A23 /* FBanalytics */,
			);
		};
/* End PBXProject section */

/* Begin PBXResourcesBuildPhase section */
		B67C7A9C1F514EAF00690A23 /* Resources */ = {
			isa = PBXResourcesBuildPhase;
			buildActionMask = 2147483647;
			files = (
				B67C7AAC1F514EAF00690A23 /* LaunchScreen.storyboard in Resources */,
				B67C7AA91F514EAF00690A23 /* Assets.xcassets in Resources */,
				B67C7AB61F515B5900690A23 /* GoogleService-Info.plist in Resources */,
				B67C7AA71F514EAF00690A23 /* Main.storyboard in Resources */,
			);
			runOnlyForDeploymentPostprocessing = 0;
		};
/* End PBXResourcesBuildPhase section */

/* Begin PBXShellScriptBuildPhase section */
		4D8E300F37EB4091B70ECB4B /* [CP] Check Pods Manifest.lock */ = {
			isa = PBXShellScriptBuildPhase;
			buildActionMask = 2147483647;
			files = (
			);
			inputPaths = (
			);
			name = "[CP] Check Pods Manifest.lock";
			outputPaths = (
			);
			runOnlyForDeploymentPostprocessing = 0;
			shellPath = /bin/sh;
			shellScript = "diff \"${PODS_PODFILE_DIR_PATH}/Podfile.lock\" \"${PODS_ROOT}/Manifest.lock\" > /dev/null\nif [ $? != 0 ] ; then\n    # print error to STDERR\n    echo \"error: The sandbox is not in sync with the Podfile.lock. Run 'pod install' or update your CocoaPods installation.\" >&2\n    exit 1\nfi\n";
			showEnvVarsInLog = 0;
		};
		DA86C083CB6CC65CBB5612BD /* [CP] Copy Pods Resources */ = {
			isa = PBXShellScriptBuildPhase;
			buildActionMask = 2147483647;
			files = (
			);
			inputPaths = (
			);
			name = "[CP] Copy Pods Resources";
			outputPaths = (
			);
			runOnlyForDeploymentPostprocessing = 0;
			shellPath = /bin/sh;
			shellScript = "\"${SRCROOT}/Pods/Target Support Files/Pods-FBanalytics/Pods-FBanalytics-resources.sh\"\n";
			showEnvVarsInLog = 0;
		};
		DDA9954ABA17EB8DA2F2BB97 /* [CP] Embed Pods Frameworks */ = {
			isa = PBXShellScriptBuildPhase;
			buildActionMask = 2147483647;
			files = (
			);
			inputPaths = (
			);
			name = "[CP] Embed Pods Frameworks";
			outputPaths = (
			);
			runOnlyForDeploymentPostprocessing = 0;
			shellPath = /bin/sh;
			shellScript = "\"${SRCROOT}/Pods/Target Support Files/Pods-FBanalytics/Pods-FBanalytics-frameworks.sh\"\n";
			showEnvVarsInLog = 0;
		};
/* End PBXShellScriptBuildPhase section */

/* Begin PBXSourcesBuildPhase section */
		B67C7A9A1F514EAF00690A23 /* Sources */ = {
			isa = PBXSourcesBuildPhase;
			buildActionMask = 2147483647;
			files = (
				B67C7AA41F514EAF00690A23 /* ViewController.swift in Sources */,
				B67C7AA21F514EAF00690A23 /* AppDelegate.swift in Sources */,
			);
			runOnlyForDeploymentPostprocessing = 0;
		};
/* End PBXSourcesBuildPhase section */

/* Begin PBXVariantGroup section */
		B67C7AA51F514EAF00690A23 /* Main.storyboard */ = {
			isa = PBXVariantGroup;
			children = (
				B67C7AA61F514EAF00690A23 /* Base */,
			);
			name = Main.storyboard;
			sourceTree = "<group>";
		};
		B67C7AAA1F514EAF00690A23 /* LaunchScreen.storyboard */ = {
			isa = PBXVariantGroup;
			children = (
				B67C7AAB1F514EAF00690A23 /* Base */,
			);
			name = LaunchScreen.storyboard;
			sourceTree = "<group>";
		};
/* End PBXVariantGroup section */

/* Begin XCBuildConfiguration section */
		B67C7AAE1F514EAF00690A23 /* Debug */ = {
			isa = XCBuildConfiguration;
			buildSettings = {
				ALWAYS_SEARCH_USER_PATHS = NO;
				CLANG_ANALYZER_NONNULL = YES;
				CLANG_ANALYZER_NUMBER_OBJECT_CONVERSION = YES_AGGRESSIVE;
				CLANG_CXX_LANGUAGE_STANDARD = "gnu++0x";
				CLANG_CXX_LIBRARY = "libc++";
				CLANG_ENABLE_MODULES = YES;
				CLANG_ENABLE_OBJC_ARC = YES;
				CLANG_WARN_BOOL_CONVERSION = YES;
				CLANG_WARN_CONSTANT_CONVERSION = YES;
				CLANG_WARN_DIRECT_OBJC_ISA_USAGE = YES_ERROR;
				CLANG_WARN_DOCUMENTATION_COMMENTS = YES;
				CLANG_WARN_EMPTY_BODY = YES;
				CLANG_WARN_ENUM_CONVERSION = YES;
				CLANG_WARN_INFINITE_RECURSION = YES;
				CLANG_WARN_INT_CONVERSION = YES;
				CLANG_WARN_OBJC_ROOT_CLASS = YES_ERROR;
				CLANG_WARN_SUSPICIOUS_MOVE = YES;
				CLANG_WARN_UNREACHABLE_CODE = YES;
				CLANG_WARN__DUPLICATE_METHOD_MATCH = YES;
				"CODE_SIGN_IDENTITY[sdk=iphoneos*]" = "iPhone Developer";
				COPY_PHASE_STRIP = NO;
				DEBUG_INFORMATION_FORMAT = dwarf;
				ENABLE_STRICT_OBJC_MSGSEND = YES;
				ENABLE_TESTABILITY = YES;
				GCC_C_LANGUAGE_STANDARD = gnu99;
				GCC_DYNAMIC_NO_PIC = NO;
				GCC_NO_COMMON_BLOCKS = YES;
				GCC_OPTIMIZATION_LEVEL = 0;
				GCC_PREPROCESSOR_DEFINITIONS = (
					"DEBUG=1",
					"$(inherited)",
				);
				GCC_WARN_64_TO_32_BIT_CONVERSION = YES;
				GCC_WARN_ABOUT_RETURN_TYPE = YES_ERROR;
				GCC_WARN_UNDECLARED_SELECTOR = YES;
				GCC_WARN_UNINITIALIZED_AUTOS = YES_AGGRESSIVE;
				GCC_WARN_UNUSED_FUNCTION = YES;
				GCC_WARN_UNUSED_VARIABLE = YES;
				IPHONEOS_DEPLOYMENT_TARGET = 10.3;
				MTL_ENABLE_DEBUG_INFO = YES;
				ONLY_ACTIVE_ARCH = YES;
				SDKROOT = iphoneos;
				SWIFT_ACTIVE_COMPILATION_CONDITIONS = DEBUG;
				SWIFT_OPTIMIZATION_LEVEL = "-Onone";
			};
			name = Debug;
		};
		B67C7AAF1F514EAF00690A23 /* Release */ = {
			isa = XCBuildConfiguration;
			buildSettings = {
				ALWAYS_SEARCH_USER_PATHS = NO;
				CLANG_ANALYZER_NONNULL = YES;
				CLANG_ANALYZER_NUMBER_OBJECT_CONVERSION = YES_AGGRESSIVE;
				CLANG_CXX_LANGUAGE_STANDARD = "gnu++0x";
				CLANG_CXX_LIBRARY = "libc++";
				CLANG_ENABLE_MODULES = YES;
				CLANG_ENABLE_OBJC_ARC = YES;
				CLANG_WARN_BOOL_CONVERSION = YES;
				CLANG_WARN_CONSTANT_CONVERSION = YES;
				CLANG_WARN_DIRECT_OBJC_ISA_USAGE = YES_ERROR;
				CLANG_WARN_DOCUMENTATION_COMMENTS = YES;
				CLANG_WARN_EMPTY_BODY = YES;
				CLANG_WARN_ENUM_CONVERSION = YES;
				CLANG_WARN_INFINITE_RECURSION = YES;
				CLANG_WARN_INT_CONVERSION = YES;
				CLANG_WARN_OBJC_ROOT_CLASS = YES_ERROR;
				CLANG_WARN_SUSPICIOUS_MOVE = YES;
				CLANG_WARN_UNREACHABLE_CODE = YES;
				CLANG_WARN__DUPLICATE_METHOD_MATCH = YES;
				"CODE_SIGN_IDENTITY[sdk=iphoneos*]" = "iPhone Developer";
				COPY_PHASE_STRIP = NO;
				DEBUG_INFORMATION_FORMAT = "dwarf-with-dsym";
				ENABLE_NS_ASSERTIONS = NO;
				ENABLE_STRICT_OBJC_MSGSEND = YES;
				GCC_C_LANGUAGE_STANDARD = gnu99;
				GCC_NO_COMMON_BLOCKS = YES;
				GCC_WARN_64_TO_32_BIT_CONVERSION = YES;
				GCC_WARN_ABOUT_RETURN_TYPE = YES_ERROR;
				GCC_WARN_UNDECLARED_SELECTOR = YES;
				GCC_WARN_UNINITIALIZED_AUTOS = YES_AGGRESSIVE;
				GCC_WARN_UNUSED_FUNCTION = YES;
				GCC_WARN_UNUSED_VARIABLE = YES;
				IPHONEOS_DEPLOYMENT_TARGET = 10.3;
				MTL_ENABLE_DEBUG_INFO = NO;
				SDKROOT = iphoneos;
				SWIFT_OPTIMIZATION_LEVEL = "-Owholemodule";
				VALIDATE_PRODUCT = YES;
			};
			name = Release;
		};
		B67C7AB11F514EAF00690A23 /* Debug */ = {
			isa = XCBuildConfiguration;
			baseConfigurationReference = 9295DF3F8457F74FDADF4646 /* Pods-FBanalytics.debug.xcconfig */;
			buildSettings = {
				ASSETCATALOG_COMPILER_APPICON_NAME = AppIcon;
				DEVELOPMENT_TEAM = 896WHBM75C;
				INFOPLIST_FILE = FBanalytics/Info.plist;
				LD_RUNPATH_SEARCH_PATHS = "$(inherited) @executable_path/Frameworks";
				PRODUCT_BUNDLE_IDENTIFIER = com.codeworksltd.FBanalytics;
				PRODUCT_NAME = "$(TARGET_NAME)";
				SWIFT_VERSION = 3.0;
			};
			name = Debug;
		};
		B67C7AB21F514EAF00690A23 /* Release */ = {
			isa = XCBuildConfiguration;
			baseConfigurationReference = CD3941B1231BF72FA920D638 /* Pods-FBanalytics.release.xcconfig */;
			buildSettings = {
				ASSETCATALOG_COMPILER_APPICON_NAME = AppIcon;
				DEVELOPMENT_TEAM = 896WHBM75C;
				INFOPLIST_FILE = FBanalytics/Info.plist;
				LD_RUNPATH_SEARCH_PATHS = "$(inherited) @executable_path/Frameworks";
				PRODUCT_BUNDLE_IDENTIFIER = com.codeworksltd.FBanalytics;
				PRODUCT_NAME = "$(TARGET_NAME)";
				SWIFT_VERSION = 3.0;
			};
			name = Release;
		};
/* End XCBuildConfiguration section */

/* Begin XCConfigurationList section */
		B67C7A991F514EAF00690A23 /* Build configuration list for PBXProject "FBanalytics" */ = {
			isa = XCConfigurationList;
			buildConfigurations = (
				B67C7AAE1F514EAF00690A23 /* Debug */,
				B67C7AAF1F514EAF00690A23 /* Release */,
			);
			defaultConfigurationIsVisible = 0;
			defaultConfigurationName = Release;
		};
		B67C7AB01F514EAF00690A23 /* Build configuration list for PBXNativeTarget "FBanalytics" */ = {
			isa = XCConfigurationList;
			buildConfigurations = (
				B67C7AB11F514EAF00690A23 /* Debug */,
				B67C7AB21F514EAF00690A23 /* Release */,
			);
			defaultConfigurationIsVisible = 0;
			defaultConfigurationName = Release;
		};
/* End XCConfigurationList section */
	};
	rootObject = B67C7A961F514EAF00690A23 /* Project object */;
}
